// !$*UTF8*$!
{
	archiveVersion = 1;
	classes = {
	};
	objectVersion = 46;
	objects = {

/* Begin PBXBuildFile section */
		CD5CC24319337A0200B1A95D /* Foundation.framework in Frameworks */ = {isa = PBXBuildFile; fileRef = CD5CC24219337A0200B1A95D /* Foundation.framework */; };
		CD5CC24519337A0200B1A95D /* CoreGraphics.framework in Frameworks */ = {isa = PBXBuildFile; fileRef = CD5CC24419337A0200B1A95D /* CoreGraphics.framework */; };
		CD5CC24719337A0200B1A95D /* UIKit.framework in Frameworks */ = {isa = PBXBuildFile; fileRef = CD5CC24619337A0200B1A95D /* UIKit.framework */; };
		CD5CC24D19337A0200B1A95D /* InfoPlist.strings in Resources */ = {isa = PBXBuildFile; fileRef = CD5CC24B19337A0200B1A95D /* InfoPlist.strings */; };
		CD5CC24F19337A0200B1A95D /* main.m in Sources */ = {isa = PBXBuildFile; fileRef = CD5CC24E19337A0200B1A95D /* main.m */; };
		CD5CC25319337A0200B1A95D /* AppDelegate.m in Sources */ = {isa = PBXBuildFile; fileRef = CD5CC25219337A0200B1A95D /* AppDelegate.m */; };
		CD5CC25619337A0200B1A95D /* Main.storyboard in Resources */ = {isa = PBXBuildFile; fileRef = CD5CC25419337A0200B1A95D /* Main.storyboard */; };
		CD5CC25919337A0200B1A95D /* ViewController.m in Sources */ = {isa = PBXBuildFile; fileRef = CD5CC25819337A0200B1A95D /* ViewController.m */; };
		CD5CC25B19337A0200B1A95D /* Images.xcassets in Resources */ = {isa = PBXBuildFile; fileRef = CD5CC25A19337A0200B1A95D /* Images.xcassets */; };
		CD5CC26219337A0200B1A95D /* XCTest.framework in Frameworks */ = {isa = PBXBuildFile; fileRef = CD5CC26119337A0200B1A95D /* XCTest.framework */; };
		CD5CC26319337A0200B1A95D /* Foundation.framework in Frameworks */ = {isa = PBXBuildFile; fileRef = CD5CC24219337A0200B1A95D /* Foundation.framework */; };
		CD5CC26419337A0200B1A95D /* UIKit.framework in Frameworks */ = {isa = PBXBuildFile; fileRef = CD5CC24619337A0200B1A95D /* UIKit.framework */; };
		CD5CC26C19337A0200B1A95D /* InfoPlist.strings in Resources */ = {isa = PBXBuildFile; fileRef = CD5CC26A19337A0200B1A95D /* InfoPlist.strings */; };
		CD5CC26E19337A0200B1A95D /* CloneA2048Tests.m in Sources */ = {isa = PBXBuildFile; fileRef = CD5CC26D19337A0200B1A95D /* CloneA2048Tests.m */; };
		CD5CC27A19337A2A00B1A95D /* GameBoardView.m in Sources */ = {isa = PBXBuildFile; fileRef = CD5CC27919337A2A00B1A95D /* GameBoardView.m */; };
		CD5CC27D19337A5000B1A95D /* GameTileView.m in Sources */ = {isa = PBXBuildFile; fileRef = CD5CC27C19337A5000B1A95D /* GameTileView.m */; };
		CD5CC28019337CFC00B1A95D /* Json2048.m in Sources */ = {isa = PBXBuildFile; fileRef = CD5CC27F19337CFC00B1A95D /* Json2048.m */; };
/* End PBXBuildFile section */

/* Begin PBXContainerItemProxy section */
		CD5CC26519337A0200B1A95D /* PBXContainerItemProxy */ = {
			isa = PBXContainerItemProxy;
			containerPortal = CD5CC23719337A0200B1A95D /* Project object */;
			proxyType = 1;
			remoteGlobalIDString = CD5CC23E19337A0200B1A95D;
			remoteInfo = CloneA2048;
		};
/* End PBXContainerItemProxy section */

/* Begin PBXFileReference section */
		CD5CC23F19337A0200B1A95D /* CloneA2048.app */ = {isa = PBXFileReference; explicitFileType = wrapper.application; includeInIndex = 0; path = CloneA2048.app; sourceTree = BUILT_PRODUCTS_DIR; };
		CD5CC24219337A0200B1A95D /* Foundation.framework */ = {isa = PBXFileReference; lastKnownFileType = wrapper.framework; name = Foundation.framework; path = System/Library/Frameworks/Foundation.framework; sourceTree = SDKROOT; };
		CD5CC24419337A0200B1A95D /* CoreGraphics.framework */ = {isa = PBXFileReference; lastKnownFileType = wrapper.framework; name = CoreGraphics.framework; path = System/Library/Frameworks/CoreGraphics.framework; sourceTree = SDKROOT; };
		CD5CC24619337A0200B1A95D /* UIKit.framework */ = {isa = PBXFileReference; lastKnownFileType = wrapper.framework; name = UIKit.framework; path = System/Library/Frameworks/UIKit.framework; sourceTree = SDKROOT; };
		CD5CC24A19337A0200B1A95D /* CloneA2048-Info.plist */ = {isa = PBXFileReference; lastKnownFileType = text.plist.xml; path = "CloneA2048-Info.plist"; sourceTree = "<group>"; };
		CD5CC24C19337A0200B1A95D /* en */ = {isa = PBXFileReference; lastKnownFileType = text.plist.strings; name = en; path = en.lproj/InfoPlist.strings; sourceTree = "<group>"; };
		CD5CC24E19337A0200B1A95D /* main.m */ = {isa = PBXFileReference; lastKnownFileType = sourcecode.c.objc; path = main.m; sourceTree = "<group>"; };
		CD5CC25019337A0200B1A95D /* CloneA2048-Prefix.pch */ = {isa = PBXFileReference; lastKnownFileType = sourcecode.c.h; path = "CloneA2048-Prefix.pch"; sourceTree = "<group>"; };
		CD5CC25119337A0200B1A95D /* AppDelegate.h */ = {isa = PBXFileReference; lastKnownFileType = sourcecode.c.h; path = AppDelegate.h; sourceTree = "<group>"; };
		CD5CC25219337A0200B1A95D /* AppDelegate.m */ = {isa = PBXFileReference; lastKnownFileType = sourcecode.c.objc; path = AppDelegate.m; sourceTree = "<group>"; };
		CD5CC25519337A0200B1A95D /* Base */ = {isa = PBXFileReference; lastKnownFileType = file.storyboard; name = Base; path = Base.lproj/Main.storyboard; sourceTree = "<group>"; };
		CD5CC25719337A0200B1A95D /* ViewController.h */ = {isa = PBXFileReference; lastKnownFileType = sourcecode.c.h; path = ViewController.h; sourceTree = "<group>"; };
		CD5CC25819337A0200B1A95D /* ViewController.m */ = {isa = PBXFileReference; lastKnownFileType = sourcecode.c.objc; path = ViewController.m; sourceTree = "<group>"; };
		CD5CC25A19337A0200B1A95D /* Images.xcassets */ = {isa = PBXFileReference; lastKnownFileType = folder.assetcatalog; path = Images.xcassets; sourceTree = "<group>"; };
		CD5CC26019337A0200B1A95D /* CloneA2048Tests.xctest */ = {isa = PBXFileReference; explicitFileType = wrapper.cfbundle; includeInIndex = 0; path = CloneA2048Tests.xctest; sourceTree = BUILT_PRODUCTS_DIR; };
		CD5CC26119337A0200B1A95D /* XCTest.framework */ = {isa = PBXFileReference; lastKnownFileType = wrapper.framework; name = XCTest.framework; path = Library/Frameworks/XCTest.framework; sourceTree = DEVELOPER_DIR; };
		CD5CC26919337A0200B1A95D /* CloneA2048Tests-Info.plist */ = {isa = PBXFileReference; lastKnownFileType = text.plist.xml; path = "CloneA2048Tests-Info.plist"; sourceTree = "<group>"; };
		CD5CC26B19337A0200B1A95D /* en */ = {isa = PBXFileReference; lastKnownFileType = text.plist.strings; name = en; path = en.lproj/InfoPlist.strings; sourceTree = "<group>"; };
		CD5CC26D19337A0200B1A95D /* CloneA2048Tests.m */ = {isa = PBXFileReference; lastKnownFileType = sourcecode.c.objc; path = CloneA2048Tests.m; sourceTree = "<group>"; };
		CD5CC27819337A2A00B1A95D /* GameBoardView.h */ = {isa = PBXFileReference; fileEncoding = 4; lastKnownFileType = sourcecode.c.h; path = GameBoardView.h; sourceTree = "<group>"; };
		CD5CC27919337A2A00B1A95D /* GameBoardView.m */ = {isa = PBXFileReference; fileEncoding = 4; lastKnownFileType = sourcecode.c.objc; path = GameBoardView.m; sourceTree = "<group>"; };
		CD5CC27B19337A5000B1A95D /* GameTileView.h */ = {isa = PBXFileReference; fileEncoding = 4; lastKnownFileType = sourcecode.c.h; path = GameTileView.h; sourceTree = "<group>"; };
		CD5CC27C19337A5000B1A95D /* GameTileView.m */ = {isa = PBXFileReference; fileEncoding = 4; lastKnownFileType = sourcecode.c.objc; path = GameTileView.m; sourceTree = "<group>"; };
		CD5CC27E19337CFC00B1A95D /* Json2048.h */ = {isa = PBXFileReference; fileEncoding = 4; lastKnownFileType = sourcecode.c.h; path = Json2048.h; sourceTree = "<group>"; };
		CD5CC27F19337CFC00B1A95D /* Json2048.m */ = {isa = PBXFileReference; fileEncoding = 4; lastKnownFileType = sourcecode.c.objc; path = Json2048.m; sourceTree = "<group>"; };
/* End PBXFileReference section */

/* Begin PBXFrameworksBuildPhase section */
		CD5CC23C19337A0200B1A95D /* Frameworks */ = {
			isa = PBXFrameworksBuildPhase;
			buildActionMask = 2147483647;
			files = (
				CD5CC24519337A0200B1A95D /* CoreGraphics.framework in Frameworks */,
				CD5CC24719337A0200B1A95D /* UIKit.framework in Frameworks */,
				CD5CC24319337A0200B1A95D /* Foundation.framework in Frameworks */,
			);
			runOnlyForDeploymentPostprocessing = 0;
		};
		CD5CC25D19337A0200B1A95D /* Frameworks */ = {
			isa = PBXFrameworksBuildPhase;
			buildActionMask = 2147483647;
			files = (
				CD5CC26219337A0200B1A95D /* XCTest.framework in Frameworks */,
				CD5CC26419337A0200B1A95D /* UIKit.framework in Frameworks */,
				CD5CC26319337A0200B1A95D /* Foundation.framework in Frameworks */,
			);
			runOnlyForDeploymentPostprocessing = 0;
		};
/* End PBXFrameworksBuildPhase section */

/* Begin PBXGroup section */
		CD5CC23619337A0200B1A95D = {
			isa = PBXGroup;
			children = (
				CD5CC24819337A0200B1A95D /* CloneA2048 */,
				CD5CC26719337A0200B1A95D /* CloneA2048Tests */,
				CD5CC24119337A0200B1A95D /* Frameworks */,
				CD5CC24019337A0200B1A95D /* Products */,
			);
			sourceTree = "<group>";
		};
		CD5CC24019337A0200B1A95D /* Products */ = {
			isa = PBXGroup;
			children = (
				CD5CC23F19337A0200B1A95D /* CloneA2048.app */,
				CD5CC26019337A0200B1A95D /* CloneA2048Tests.xctest */,
			);
			name = Products;
			sourceTree = "<group>";
		};
		CD5CC24119337A0200B1A95D /* Frameworks */ = {
			isa = PBXGroup;
			children = (
				CD5CC24219337A0200B1A95D /* Foundation.framework */,
				CD5CC24419337A0200B1A95D /* CoreGraphics.framework */,
				CD5CC24619337A0200B1A95D /* UIKit.framework */,
				CD5CC26119337A0200B1A95D /* XCTest.framework */,
			);
			name = Frameworks;
			sourceTree = "<group>";
		};
		CD5CC24819337A0200B1A95D /* CloneA2048 */ = {
			isa = PBXGroup;
			children = (
				CD5CC2B11934D66B00B1A95D /* Classes */,
				CD5CC2B41934D6C900B1A95D /* Storyboards */,
				CD5CC24919337A0200B1A95D /* Supporting Files */,
			);
			path = CloneA2048;
			sourceTree = "<group>";
		};
		CD5CC24919337A0200B1A95D /* Supporting Files */ = {
			isa = PBXGroup;
			children = (
				CD5CC25A19337A0200B1A95D /* Images.xcassets */,
				CD5CC24A19337A0200B1A95D /* CloneA2048-Info.plist */,
				CD5CC24B19337A0200B1A95D /* InfoPlist.strings */,
				CD5CC24E19337A0200B1A95D /* main.m */,
				CD5CC25019337A0200B1A95D /* CloneA2048-Prefix.pch */,
			);
			name = "Supporting Files";
			sourceTree = "<group>";
		};
		CD5CC26719337A0200B1A95D /* CloneA2048Tests */ = {
			isa = PBXGroup;
			children = (
				CD5CC26D19337A0200B1A95D /* CloneA2048Tests.m */,
				CD5CC26819337A0200B1A95D /* Supporting Files */,
			);
			path = CloneA2048Tests;
			sourceTree = "<group>";
		};
		CD5CC26819337A0200B1A95D /* Supporting Files */ = {
			isa = PBXGroup;
			children = (
				CD5CC26919337A0200B1A95D /* CloneA2048Tests-Info.plist */,
				CD5CC26A19337A0200B1A95D /* InfoPlist.strings */,
			);
			name = "Supporting Files";
			sourceTree = "<group>";
		};
		CD5CC2B11934D66B00B1A95D /* Classes */ = {
			isa = PBXGroup;
			children = (
				CD5CC2B31934D6AC00B1A95D /* Model */,
				CD5CC2B21934D69C00B1A95D /* View */,
				CD5CC2FF19387B2800B1A95D /* Controller */,
				CD5CC30019387BC100B1A95D /* App Delegate */,
			);
			name = Classes;
			sourceTree = "<group>";
		};
		CD5CC2B21934D69C00B1A95D /* View */ = {
			isa = PBXGroup;
			children = (
				CD5CC27819337A2A00B1A95D /* GameBoardView.h */,
				CD5CC27919337A2A00B1A95D /* GameBoardView.m */,
				CD5CC27B19337A5000B1A95D /* GameTileView.h */,
				CD5CC27C19337A5000B1A95D /* GameTileView.m */,
			);
			name = View;
			sourceTree = "<group>";
		};
		CD5CC2B31934D6AC00B1A95D /* Model */ = {
			isa = PBXGroup;
			children = (
				CD5CC27E19337CFC00B1A95D /* Json2048.h */,
				CD5CC27F19337CFC00B1A95D /* Json2048.m */,
			);
			name = Model;
			sourceTree = "<group>";
		};
		CD5CC2B41934D6C900B1A95D /* Storyboards */ = {
			isa = PBXGroup;
			children = (
				CD5CC25419337A0200B1A95D /* Main.storyboard */,
			);
			name = Storyboards;
			sourceTree = "<group>";
		};
		CD5CC2FF19387B2800B1A95D /* Controller */ = {
			isa = PBXGroup;
			children = (
				CD5CC25719337A0200B1A95D /* ViewController.h */,
				CD5CC25819337A0200B1A95D /* ViewController.m */,
			);
			name = Controller;
			sourceTree = "<group>";
		};
		CD5CC30019387BC100B1A95D /* App Delegate */ = {
			isa = PBXGroup;
			children = (
				CD5CC25119337A0200B1A95D /* AppDelegate.h */,
				CD5CC25219337A0200B1A95D /* AppDelegate.m */,
			);
			name = "App Delegate";
			sourceTree = "<group>";
		};
/* End PBXGroup section */

/* Begin PBXNativeTarget section */
		CD5CC23E19337A0200B1A95D /* CloneA2048 */ = {
			isa = PBXNativeTarget;
			buildConfigurationList = CD5CC27119337A0200B1A95D /* Build configuration list for PBXNativeTarget "CloneA2048" */;
			buildPhases = (
				CD5CC23B19337A0200B1A95D /* Sources */,
				CD5CC23C19337A0200B1A95D /* Frameworks */,
				CD5CC23D19337A0200B1A95D /* Resources */,
			);
			buildRules = (
			);
			dependencies = (
			);
			name = CloneA2048;
			productName = CloneA2048;
			productReference = CD5CC23F19337A0200B1A95D /* CloneA2048.app */;
			productType = "com.apple.product-type.application";
		};
		CD5CC25F19337A0200B1A95D /* CloneA2048Tests */ = {
			isa = PBXNativeTarget;
			buildConfigurationList = CD5CC27419337A0200B1A95D /* Build configuration list for PBXNativeTarget "CloneA2048Tests" */;
			buildPhases = (
				CD5CC25C19337A0200B1A95D /* Sources */,
				CD5CC25D19337A0200B1A95D /* Frameworks */,
				CD5CC25E19337A0200B1A95D /* Resources */,
			);
			buildRules = (
			);
			dependencies = (
				CD5CC26619337A0200B1A95D /* PBXTargetDependency */,
			);
			name = CloneA2048Tests;
			productName = CloneA2048Tests;
			productReference = CD5CC26019337A0200B1A95D /* CloneA2048Tests.xctest */;
			productType = "com.apple.product-type.bundle.unit-test";
		};
/* End PBXNativeTarget section */

/* Begin PBXProject section */
		CD5CC23719337A0200B1A95D /* Project object */ = {
			isa = PBXProject;
			attributes = {
				LastUpgradeCheck = 0510;
				ORGANIZATIONNAME = Nearedge;
				TargetAttributes = {
					CD5CC25F19337A0200B1A95D = {
						TestTargetID = CD5CC23E19337A0200B1A95D;
					};
				};
			};
			buildConfigurationList = CD5CC23A19337A0200B1A95D /* Build configuration list for PBXProject "CloneA2048" */;
			compatibilityVersion = "Xcode 3.2";
			developmentRegion = English;
			hasScannedForEncodings = 0;
			knownRegions = (
				en,
				Base,
			);
			mainGroup = CD5CC23619337A0200B1A95D;
			productRefGroup = CD5CC24019337A0200B1A95D /* Products */;
			projectDirPath = "";
			projectRoot = "";
			targets = (
				CD5CC23E19337A0200B1A95D /* CloneA2048 */,
				CD5CC25F19337A0200B1A95D /* CloneA2048Tests */,
			);
		};
/* End PBXProject section */

/* Begin PBXResourcesBuildPhase section */
		CD5CC23D19337A0200B1A95D /* Resources */ = {
			isa = PBXResourcesBuildPhase;
			buildActionMask = 2147483647;
			files = (
				CD5CC25B19337A0200B1A95D /* Images.xcassets in Resources */,
				CD5CC24D19337A0200B1A95D /* InfoPlist.strings in Resources */,
				CD5CC25619337A0200B1A95D /* Main.storyboard in Resources */,
			);
			runOnlyForDeploymentPostprocessing = 0;
		};
		CD5CC25E19337A0200B1A95D /* Resources */ = {
			isa = PBXResourcesBuildPhase;
			buildActionMask = 2147483647;
			files = (
				CD5CC26C19337A0200B1A95D /* InfoPlist.strings in Resources */,
			);
			runOnlyForDeploymentPostprocessing = 0;
		};
/* End PBXResourcesBuildPhase section */

/* Begin PBXSourcesBuildPhase section */
		CD5CC23B19337A0200B1A95D /* Sources */ = {
			isa = PBXSourcesBuildPhase;
			buildActionMask = 2147483647;
			files = (
				CD5CC27A19337A2A00B1A95D /* GameBoardView.m in Sources */,
				CD5CC28019337CFC00B1A95D /* Json2048.m in Sources */,
				CD5CC27D19337A5000B1A95D /* GameTileView.m in Sources */,
				CD5CC25919337A0200B1A95D /* ViewController.m in Sources */,
				CD5CC25319337A0200B1A95D /* AppDelegate.m in Sources */,
				CD5CC24F19337A0200B1A95D /* main.m in Sources */,
			);
			runOnlyForDeploymentPostprocessing = 0;
		};
		CD5CC25C19337A0200B1A95D /* Sources */ = {
			isa = PBXSourcesBuildPhase;
			buildActionMask = 2147483647;
			files = (
				CD5CC26E19337A0200B1A95D /* CloneA2048Tests.m in Sources */,
			);
			runOnlyForDeploymentPostprocessing = 0;
		};
/* End PBXSourcesBuildPhase section */

/* Begin PBXTargetDependency section */
		CD5CC26619337A0200B1A95D /* PBXTargetDependency */ = {
			isa = PBXTargetDependency;
			target = CD5CC23E19337A0200B1A95D /* CloneA2048 */;
			targetProxy = CD5CC26519337A0200B1A95D /* PBXContainerItemProxy */;
		};
/* End PBXTargetDependency section */

/* Begin PBXVariantGroup section */
		CD5CC24B19337A0200B1A95D /* InfoPlist.strings */ = {
			isa = PBXVariantGroup;
			children = (
				CD5CC24C19337A0200B1A95D /* en */,
			);
			name = InfoPlist.strings;
			sourceTree = "<group>";
		};
		CD5CC25419337A0200B1A95D /* Main.storyboard */ = {
			isa = PBXVariantGroup;
			children = (
				CD5CC25519337A0200B1A95D /* Base */,
			);
			name = Main.storyboard;
			sourceTree = "<group>";
		};
		CD5CC26A19337A0200B1A95D /* InfoPlist.strings */ = {
			isa = PBXVariantGroup;
			children = (
				CD5CC26B19337A0200B1A95D /* en */,
			);
			name = InfoPlist.strings;
			sourceTree = "<group>";
		};
/* End PBXVariantGroup section */

/* Begin XCBuildConfiguration section */
		CD5CC26F19337A0200B1A95D /* Debug */ = {
			isa = XCBuildConfiguration;
			buildSettings = {
				ALWAYS_SEARCH_USER_PATHS = NO;
				CLANG_CXX_LANGUAGE_STANDARD = "gnu++0x";
				CLANG_CXX_LIBRARY = "libc++";
				CLANG_ENABLE_MODULES = YES;
				CLANG_ENABLE_OBJC_ARC = YES;
				CLANG_WARN_BOOL_CONVERSION = YES;
				CLANG_WARN_CONSTANT_CONVERSION = YES;
				CLANG_WARN_DIRECT_OBJC_ISA_USAGE = YES_ERROR;
				CLANG_WARN_EMPTY_BODY = YES;
				CLANG_WARN_ENUM_CONVERSION = YES;
				CLANG_WARN_INT_CONVERSION = YES;
				CLANG_WARN_OBJC_ROOT_CLASS = YES_ERROR;
				CLANG_WARN__DUPLICATE_METHOD_MATCH = YES;
				"CODE_SIGN_IDENTITY[sdk=iphoneos*]" = "iPhone Developer";
				COPY_PHASE_STRIP = NO;
				GCC_C_LANGUAGE_STANDARD = gnu99;
				GCC_DYNAMIC_NO_PIC = NO;
				GCC_OPTIMIZATION_LEVEL = 0;
				GCC_PREPROCESSOR_DEFINITIONS = (
					"DEBUG=1",
					"$(inherited)",
				);
				GCC_SYMBOLS_PRIVATE_EXTERN = NO;
				GCC_WARN_64_TO_32_BIT_CONVERSION = YES;
				GCC_WARN_ABOUT_RETURN_TYPE = YES_ERROR;
				GCC_WARN_UNDECLARED_SELECTOR = YES;
				GCC_WARN_UNINITIALIZED_AUTOS = YES_AGGRESSIVE;
				GCC_WARN_UNUSED_FUNCTION = YES;
				GCC_WARN_UNUSED_VARIABLE = YES;
				IPHONEOS_DEPLOYMENT_TARGET = 7.1;
				ONLY_ACTIVE_ARCH = YES;
				SDKROOT = iphoneos;
			};
			name = Debug;
		};
		CD5CC27019337A0200B1A95D /* Release */ = {
			isa = XCBuildConfiguration;
			buildSettings = {
				ALWAYS_SEARCH_USER_PATHS = NO;
				CLANG_CXX_LANGUAGE_STANDARD = "gnu++0x";
				CLANG_CXX_LIBRARY = "libc++";
				CLANG_ENABLE_MODULES = YES;
				CLANG_ENABLE_OBJC_ARC = YES;
				CLANG_WARN_BOOL_CONVERSION = YES;
				CLANG_WARN_CONSTANT_CONVERSION = YES;
				CLANG_WARN_DIRECT_OBJC_ISA_USAGE = YES_ERROR;
				CLANG_WARN_EMPTY_BODY = YES;
				CLANG_WARN_ENUM_CONVERSION = YES;
				CLANG_WARN_INT_CONVERSION = YES;
				CLANG_WARN_OBJC_ROOT_CLASS = YES_ERROR;
				CLANG_WARN__DUPLICATE_METHOD_MATCH = YES;
				"CODE_SIGN_IDENTITY[sdk=iphoneos*]" = "iPhone Developer";
				COPY_PHASE_STRIP = YES;
				ENABLE_NS_ASSERTIONS = NO;
				GCC_C_LANGUAGE_STANDARD = gnu99;
				GCC_WARN_64_TO_32_BIT_CONVERSION = YES;
				GCC_WARN_ABOUT_RETURN_TYPE = YES_ERROR;
				GCC_WARN_UNDECLARED_SELECTOR = YES;
				GCC_WARN_UNINITIALIZED_AUTOS = YES_AGGRESSIVE;
				GCC_WARN_UNUSED_FUNCTION = YES;
				GCC_WARN_UNUSED_VARIABLE = YES;
				IPHONEOS_DEPLOYMENT_TARGET = 7.1;
				SDKROOT = iphoneos;
				VALIDATE_PRODUCT = YES;
			};
			name = Release;
		};
		CD5CC27219337A0200B1A95D /* Debug */ = {
			isa = XCBuildConfiguration;
			buildSettings = {
				ASSETCATALOG_COMPILER_APPICON_NAME = AppIcon;
				ASSETCATALOG_COMPILER_LAUNCHIMAGE_NAME = LaunchImage;
				GCC_PRECOMPILE_PREFIX_HEADER = YES;
				GCC_PREFIX_HEADER = "CloneA2048/CloneA2048-Prefix.pch";
				INFOPLIST_FILE = "CloneA2048/CloneA2048-Info.plist";
				PRODUCT_NAME = CloneA2048;
				WRAPPER_EXTENSION = app;
			};
			name = Debug;
		};
		CD5CC27319337A0200B1A95D /* Release */ = {
			isa = XCBuildConfiguration;
			buildSettings = {
				ASSETCATALOG_COMPILER_APPICON_NAME = AppIcon;
				ASSETCATALOG_COMPILER_LAUNCHIMAGE_NAME = LaunchImage;
				GCC_PRECOMPILE_PREFIX_HEADER = YES;
				GCC_PREFIX_HEADER = "CloneA2048/CloneA2048-Prefix.pch";
				INFOPLIST_FILE = "CloneA2048/CloneA2048-Info.plist";
				PRODUCT_NAME = CloneA2048;
				WRAPPER_EXTENSION = app;
			};
			name = Release;
		};
		CD5CC27519337A0200B1A95D /* Debug */ = {
			isa = XCBuildConfiguration;
			buildSettings = {
				BUNDLE_LOADER = "$(BUILT_PRODUCTS_DIR)/CloneA2048.app/CloneA2048";
				FRAMEWORK_SEARCH_PATHS = (
					"$(SDKROOT)/Developer/Library/Frameworks",
					"$(inherited)",
					"$(DEVELOPER_FRAMEWORKS_DIR)",
				);
				GCC_PRECOMPILE_PREFIX_HEADER = YES;
				GCC_PREFIX_HEADER = "CloneA2048/CloneA2048-Prefix.pch";
				GCC_PREPROCESSOR_DEFINITIONS = (
					"DEBUG=1",
					"$(inherited)",
				);
				INFOPLIST_FILE = "CloneA2048Tests/CloneA2048Tests-Info.plist";
				PRODUCT_NAME = CloneA2048Tests;
				TEST_HOST = "$(BUNDLE_LOADER)";
				WRAPPER_EXTENSION = xctest;
			};
			name = Debug;
		};
		CD5CC27619337A0200B1A95D /* Release */ = {
			isa = XCBuildConfiguration;
			buildSettings = {
				BUNDLE_LOADER = "$(BUILT_PRODUCTS_DIR)/CloneA2048.app/CloneA2048";
				FRAMEWORK_SEARCH_PATHS = (
					"$(SDKROOT)/Developer/Library/Frameworks",
					"$(inherited)",
					"$(DEVELOPER_FRAMEWORKS_DIR)",
				);
				GCC_PRECOMPILE_PREFIX_HEADER = YES;
				GCC_PREFIX_HEADER = "CloneA2048/CloneA2048-Prefix.pch";
				INFOPLIST_FILE = "CloneA2048Tests/CloneA2048Tests-Info.plist";
				PRODUCT_NAME = CloneA2048Tests;
				TEST_HOST = "$(BUNDLE_LOADER)";
				WRAPPER_EXTENSION = xctest;
			};
			name = Release;
		};
/* End XCBuildConfiguration section */

/* Begin XCConfigurationList section */
		CD5CC23A19337A0200B1A95D /* Build configuration list for PBXProject "CloneA2048" */ = {
			isa = XCConfigurationList;
			buildConfigurations = (
				CD5CC26F19337A0200B1A95D /* Debug */,
				CD5CC27019337A0200B1A95D /* Release */,
			);
			defaultConfigurationIsVisible = 0;
			defaultConfigurationName = Release;
		};
		CD5CC27119337A0200B1A95D /* Build configuration list for PBXNativeTarget "CloneA2048" */ = {
			isa = XCConfigurationList;
			buildConfigurations = (
				CD5CC27219337A0200B1A95D /* Debug */,
				CD5CC27319337A0200B1A95D /* Release */,
			);
			defaultConfigurationIsVisible = 0;
			defaultConfigurationName = Release;
		};
		CD5CC27419337A0200B1A95D /* Build configuration list for PBXNativeTarget "CloneA2048Tests" */ = {
			isa = XCConfigurationList;
			buildConfigurations = (
				CD5CC27519337A0200B1A95D /* Debug */,
				CD5CC27619337A0200B1A95D /* Release */,
			);
			defaultConfigurationIsVisible = 0;
			defaultConfigurationName = Release;
		};
/* End XCConfigurationList section */
	};
	rootObject = CD5CC23719337A0200B1A95D /* Project object */;
}
